// !$*UTF8*$!
{
	archiveVersion = 1;
	classes = {
	};
	objectVersion = 77;
	objects = {

/* Begin PBXBuildFile section */
		06AF4030022B75C60B3CE074 /* Localization.swift in Sources */ = {isa = PBXBuildFile; fileRef = D62A54AE3E0B10C1497BC29F /* Localization.swift */; };
		130DB93CDF8CA5A8B72FE8D9 /* PhoneHapticPlayer.swift in Sources */ = {isa = PBXBuildFile; fileRef = 2AEA694D5401FC001726B641 /* PhoneHapticPlayer.swift */; };
		2A62CDCEF9BFFCB68FB2C1D2 /* HapTickSettings.swift in Sources */ = {isa = PBXBuildFile; fileRef = E4E79BEFAD9EC8417A7BE233 /* HapTickSettings.swift */; };
		3123A52AE67079C6608DE54B /* HapTick Watch App.app in Embed Watch Content */ = {isa = PBXBuildFile; fileRef = 629D7E4E720B055EC0D69F87 /* HapTick Watch App.app */; settings = {ATTRIBUTES = (RemoveHeadersOnCopy, ); }; };
		31B6EBF6E0DBC4C0AB4FFD94 /* WatchSettingsSync.swift in Sources */ = {isa = PBXBuildFile; fileRef = 21EF4E8A135B738E00F6C423 /* WatchSettingsSync.swift */; };
		3CE34319F20BB1069A26E6F7 /* HapTickSettings.swift in Sources */ = {isa = PBXBuildFile; fileRef = E4E79BEFAD9EC8417A7BE233 /* HapTickSettings.swift */; };
		4E9355BCFB4EFC8A8B2AEA35 /* WatchConnectivity.framework in Frameworks */ = {isa = PBXBuildFile; fileRef = 397F370D24A5B14A868234C8 /* WatchConnectivity.framework */; };
		503D4FA73019CA6AE77845FD /* Localization.swift in Sources */ = {isa = PBXBuildFile; fileRef = D62A54AE3E0B10C1497BC29F /* Localization.swift */; };
		6CB74D5D437D2C124BDF38E1 /* HapTickPhoneApp.swift in Sources */ = {isa = PBXBuildFile; fileRef = 917FD95D4DE083FAED78755C /* HapTickPhoneApp.swift */; };
		79AF314FAEED6A909BA96EFE /* Localizable.strings in Resources */ = {isa = PBXBuildFile; fileRef = CD62217F2EA799AE9E2AADFD /* Localizable.strings */; };
		7E0B0F0581631B1461D5BA1A /* TimerController.swift in Sources */ = {isa = PBXBuildFile; fileRef = 6155CFCDC13B78C3C0377DAF /* TimerController.swift */; };
		82A3B6D01A5759A9ABABA8A6 /* WatchConnectivity.framework in Frameworks */ = {isa = PBXBuildFile; fileRef = 397F370D24A5B14A868234C8 /* WatchConnectivity.framework */; };
		8FAE00189492EDF01C7DDA7F /* Assets.xcassets in Resources */ = {isa = PBXBuildFile; fileRef = FD04ED50738AE67F9266224F /* Assets.xcassets */; };
		92F2A46CE69F76C241FACA4A /* HapticMeasurement.swift in Sources */ = {isa = PBXBuildFile; fileRef = 92315102C5CE88C6CCDA7E3A /* HapticMeasurement.swift */; };
		A2F17CCEA22DE91BF0915A59 /* Assets.xcassets in Resources */ = {isa = PBXBuildFile; fileRef = 7D696192DD2C2BBDCE9D3220 /* Assets.xcassets */; };
		AF037CF2068B13639E5685BF /* PhoneSettingsView.swift in Sources */ = {isa = PBXBuildFile; fileRef = 76849BFB442BF93CBD875260 /* PhoneSettingsView.swift */; };
		AF67E85F17489379ECDCF2D5 /* PrivacyInfo.xcprivacy in Resources */ = {isa = PBXBuildFile; fileRef = C7D4B95700688C27921A94E5 /* PrivacyInfo.xcprivacy */; };
		C3F7B87EDC8483E8BD895347 /* CoreHaptics.framework in Frameworks */ = {isa = PBXBuildFile; fileRef = DD2937B96C4D996970570BDD /* CoreHaptics.framework */; };
		D69D85AF72E962BF99C3E41B /* PhoneSettingsStore.swift in Sources */ = {isa = PBXBuildFile; fileRef = B6A6EE0BACEBABCB4FD7B164 /* PhoneSettingsStore.swift */; };
		D84DADB69EFCA2B72EA192BF /* TimerScreen.swift in Sources */ = {isa = PBXBuildFile; fileRef = DB708039C275921005BCCCB1 /* TimerScreen.swift */; };
		DE2F4215D63DE7D8A32210C1 /* PrivacyInfo.xcprivacy in Resources */ = {isa = PBXBuildFile; fileRef = C7D4B95700688C27921A94E5 /* PrivacyInfo.xcprivacy */; };
		ECFBDD225CA5CE36B0CF83AE /* Localizable.strings in Resources */ = {isa = PBXBuildFile; fileRef = CD62217F2EA799AE9E2AADFD /* Localizable.strings */; };
		FF22538B621AFD774BF833EB /* HapTickApp.swift in Sources */ = {isa = PBXBuildFile; fileRef = 1AC888E8F91260F647B9FE65 /* HapTickApp.swift */; };
/* End PBXBuildFile section */

/* Begin PBXContainerItemProxy section */
		B0B63CE541F5609EABD5E16B /* PBXContainerItemProxy */ = {
			isa = PBXContainerItemProxy;
			containerPortal = 41ACD9E3A731E0EF13B5A063 /* Project object */;
			proxyType = 1;
			remoteGlobalIDString = 40D13F327FBF047B163663F5;
			remoteInfo = "HapTick Watch App";
		};
/* End PBXContainerItemProxy section */

/* Begin PBXCopyFilesBuildPhase section */
		8653C24FC4EFCFE5F28E8769 /* Embed Watch Content */ = {
			isa = PBXCopyFilesBuildPhase;
			buildActionMask = 2147483647;
			dstPath = "$(CONTENTS_FOLDER_PATH)/Watch";
			dstSubfolderSpec = 16;
			files = (
				3123A52AE67079C6608DE54B /* HapTick Watch App.app in Embed Watch Content */,
			);
			name = "Embed Watch Content";
			runOnlyForDeploymentPostprocessing = 0;
		};
/* End PBXCopyFilesBuildPhase section */

/* Begin PBXFileReference section */
		18D1E8E515BF929556F4BAAB /* es */ = {isa = PBXFileReference; lastKnownFileType = text.plist.strings; name = es; path = es.lproj/Localizable.strings; sourceTree = "<group>"; };
		1AC888E8F91260F647B9FE65 /* HapTickApp.swift */ = {isa = PBXFileReference; lastKnownFileType = sourcecode.swift; path = HapTickApp.swift; sourceTree = "<group>"; };
		21EF4E8A135B738E00F6C423 /* WatchSettingsSync.swift */ = {isa = PBXFileReference; lastKnownFileType = sourcecode.swift; path = WatchSettingsSync.swift; sourceTree = "<group>"; };
		2AEA694D5401FC001726B641 /* PhoneHapticPlayer.swift */ = {isa = PBXFileReference; lastKnownFileType = sourcecode.swift; path = PhoneHapticPlayer.swift; sourceTree = "<group>"; };
		325E3D7ABFFF901DF4E62110 /* ja */ = {isa = PBXFileReference; lastKnownFileType = text.plist.strings; name = ja; path = ja.lproj/Localizable.strings; sourceTree = "<group>"; };
		397F370D24A5B14A868234C8 /* WatchConnectivity.framework */ = {isa = PBXFileReference; lastKnownFileType = wrapper.framework; name = WatchConnectivity.framework; path = System/Library/Frameworks/WatchConnectivity.framework; sourceTree = SDKROOT; };
		44DCFC47255C68071C7979CA /* Privacy.md */ = {isa = PBXFileReference; lastKnownFileType = net.daringfireball.markdown; path = Privacy.md; sourceTree = "<group>"; };
		6155CFCDC13B78C3C0377DAF /* TimerController.swift */ = {isa = PBXFileReference; lastKnownFileType = sourcecode.swift; path = TimerController.swift; sourceTree = "<group>"; };
		624221D3D1959B9CFA0348AA /* Info.plist */ = {isa = PBXFileReference; lastKnownFileType = text.plist; path = Info.plist; sourceTree = "<group>"; };
		629D7E4E720B055EC0D69F87 /* HapTick Watch App.app */ = {isa = PBXFileReference; explicitFileType = wrapper.application; includeInIndex = 0; path = "HapTick Watch App.app"; sourceTree = BUILT_PRODUCTS_DIR; };
		742D2DFED1731EBF54273A4D /* zh-Hans */ = {isa = PBXFileReference; lastKnownFileType = text.plist.strings; name = "zh-Hans"; path = "zh-Hans.lproj/Localizable.strings"; sourceTree = "<group>"; };
		76849BFB442BF93CBD875260 /* PhoneSettingsView.swift */ = {isa = PBXFileReference; lastKnownFileType = sourcecode.swift; path = PhoneSettingsView.swift; sourceTree = "<group>"; };
		7D696192DD2C2BBDCE9D3220 /* Assets.xcassets */ = {isa = PBXFileReference; lastKnownFileType = folder.assetcatalog; path = Assets.xcassets; sourceTree = "<group>"; };
		7F78318FAC662E893D43DC1F /* HapTick.app */ = {isa = PBXFileReference; includeInIndex = 0; lastKnownFileType = wrapper.application; path = HapTick.app; sourceTree = BUILT_PRODUCTS_DIR; };
		801B6614766C1C0F454633DF /* en */ = {isa = PBXFileReference; lastKnownFileType = text.plist.strings; name = en; path = en.lproj/Localizable.strings; sourceTree = "<group>"; };
		917FD95D4DE083FAED78755C /* HapTickPhoneApp.swift */ = {isa = PBXFileReference; lastKnownFileType = sourcecode.swift; path = HapTickPhoneApp.swift; sourceTree = "<group>"; };
		919F97E91FDD34F6167DBFE9 /* AppFlows.md */ = {isa = PBXFileReference; lastKnownFileType = net.daringfireball.markdown; path = AppFlows.md; sourceTree = "<group>"; };
		92315102C5CE88C6CCDA7E3A /* HapticMeasurement.swift */ = {isa = PBXFileReference; lastKnownFileType = sourcecode.swift; path = HapticMeasurement.swift; sourceTree = "<group>"; };
		B5D18B99CAB59C61CE470F1D /* Signing.xcconfig */ = {isa = PBXFileReference; lastKnownFileType = text.xcconfig; path = Signing.xcconfig; sourceTree = "<group>"; };
		B6A6EE0BACEBABCB4FD7B164 /* PhoneSettingsStore.swift */ = {isa = PBXFileReference; lastKnownFileType = sourcecode.swift; path = PhoneSettingsStore.swift; sourceTree = "<group>"; };
		C6ABFD391548DC0439118AD8 /* Local.xcconfig.example */ = {isa = PBXFileReference; path = Local.xcconfig.example; sourceTree = "<group>"; };
		C7D4B95700688C27921A94E5 /* PrivacyInfo.xcprivacy */ = {isa = PBXFileReference; path = PrivacyInfo.xcprivacy; sourceTree = "<group>"; };
		D62A54AE3E0B10C1497BC29F /* Localization.swift */ = {isa = PBXFileReference; lastKnownFileType = sourcecode.swift; path = Localization.swift; sourceTree = "<group>"; };
		D8316EED2294DE8E4F25AC71 /* zh-Hant */ = {isa = PBXFileReference; lastKnownFileType = text.plist.strings; name = "zh-Hant"; path = "zh-Hant.lproj/Localizable.strings"; sourceTree = "<group>"; };
		DB708039C275921005BCCCB1 /* TimerScreen.swift */ = {isa = PBXFileReference; lastKnownFileType = sourcecode.swift; path = TimerScreen.swift; sourceTree = "<group>"; };
		DD2937B96C4D996970570BDD /* CoreHaptics.framework */ = {isa = PBXFileReference; lastKnownFileType = wrapper.framework; name = CoreHaptics.framework; path = System/Library/Frameworks/CoreHaptics.framework; sourceTree = SDKROOT; };
		E371F466FABDF1EF8C034C75 /* Info.plist */ = {isa = PBXFileReference; lastKnownFileType = text.plist; path = Info.plist; sourceTree = "<group>"; };
		E4E79BEFAD9EC8417A7BE233 /* HapTickSettings.swift */ = {isa = PBXFileReference; lastKnownFileType = sourcecode.swift; path = HapTickSettings.swift; sourceTree = "<group>"; };
		F00DACF83BBBE59B65286D09 /* fr */ = {isa = PBXFileReference; lastKnownFileType = text.plist.strings; name = fr; path = fr.lproj/Localizable.strings; sourceTree = "<group>"; };
		FD04ED50738AE67F9266224F /* Assets.xcassets */ = {isa = PBXFileReference; lastKnownFileType = folder.assetcatalog; path = Assets.xcassets; sourceTree = "<group>"; };
/* End PBXFileReference section */

/* Begin PBXFrameworksBuildPhase section */
		69D2D17382F314F4BE2CBC63 /* Frameworks */ = {
			isa = PBXFrameworksBuildPhase;
			buildActionMask = 2147483647;
			files = (
				4E9355BCFB4EFC8A8B2AEA35 /* WatchConnectivity.framework in Frameworks */,
				C3F7B87EDC8483E8BD895347 /* CoreHaptics.framework in Frameworks */,
			);
			runOnlyForDeploymentPostprocessing = 0;
		};
		A0D72C66DDF643D8649A9761 /* Frameworks */ = {
			isa = PBXFrameworksBuildPhase;
			buildActionMask = 2147483647;
			files = (
				82A3B6D01A5759A9ABABA8A6 /* WatchConnectivity.framework in Frameworks */,
			);
			runOnlyForDeploymentPostprocessing = 0;
		};
/* End PBXFrameworksBuildPhase section */

/* Begin PBXGroup section */
		0DD4CBFFB25A61C1C50BE92B /* HapTick iOS App */ = {
			isa = PBXGroup;
			children = (
				FD04ED50738AE67F9266224F /* Assets.xcassets */,
				917FD95D4DE083FAED78755C /* HapTickPhoneApp.swift */,
				624221D3D1959B9CFA0348AA /* Info.plist */,
				2AEA694D5401FC001726B641 /* PhoneHapticPlayer.swift */,
				B6A6EE0BACEBABCB4FD7B164 /* PhoneSettingsStore.swift */,
				76849BFB442BF93CBD875260 /* PhoneSettingsView.swift */,
			);
			path = "HapTick iOS App";
			sourceTree = "<group>";
		};
		157635DFDEBB7441F805B901 /* HapTick Watch App */ = {
			isa = PBXGroup;
			children = (
				7D696192DD2C2BBDCE9D3220 /* Assets.xcassets */,
				1AC888E8F91260F647B9FE65 /* HapTickApp.swift */,
				92315102C5CE88C6CCDA7E3A /* HapticMeasurement.swift */,
				E371F466FABDF1EF8C034C75 /* Info.plist */,
				6155CFCDC13B78C3C0377DAF /* TimerController.swift */,
				DB708039C275921005BCCCB1 /* TimerScreen.swift */,
				21EF4E8A135B738E00F6C423 /* WatchSettingsSync.swift */,
			);
			path = "HapTick Watch App";
			sourceTree = "<group>";
		};
		3DEE1B69C521EA3BFABB1C8C /* Shared */ = {
			isa = PBXGroup;
			children = (
				E4E79BEFAD9EC8417A7BE233 /* HapTickSettings.swift */,
				D62A54AE3E0B10C1497BC29F /* Localization.swift */,
				C7D4B95700688C27921A94E5 /* PrivacyInfo.xcprivacy */,
				CD62217F2EA799AE9E2AADFD /* Localizable.strings */,
			);
			path = Shared;
			sourceTree = "<group>";
		};
		838E6E0D5A4C6A9542A2F99D /* Docs */ = {
			isa = PBXGroup;
			children = (
				919F97E91FDD34F6167DBFE9 /* AppFlows.md */,
				44DCFC47255C68071C7979CA /* Privacy.md */,
			);
			path = Docs;
			sourceTree = "<group>";
		};
		88224CAA1CCCFE29421678A0 /* Frameworks */ = {
			isa = PBXGroup;
			children = (
				DD2937B96C4D996970570BDD /* CoreHaptics.framework */,
				397F370D24A5B14A868234C8 /* WatchConnectivity.framework */,
			);
			name = Frameworks;
			sourceTree = "<group>";
		};
		8AF5EB2F861D96ACFD62AE19 /* Products */ = {
			isa = PBXGroup;
			children = (
				629D7E4E720B055EC0D69F87 /* HapTick Watch App.app */,
				7F78318FAC662E893D43DC1F /* HapTick.app */,
			);
			name = Products;
			sourceTree = "<group>";
		};
		8EE429EA9076EAFBCB5971DA /* Config */ = {
			isa = PBXGroup;
			children = (
				C6ABFD391548DC0439118AD8 /* Local.xcconfig.example */,
				B5D18B99CAB59C61CE470F1D /* Signing.xcconfig */,
			);
			path = Config;
			sourceTree = "<group>";
		};
		C201834BCEC4CF2EB91C7D91 = {
			isa = PBXGroup;
			children = (
				8EE429EA9076EAFBCB5971DA /* Config */,
				838E6E0D5A4C6A9542A2F99D /* Docs */,
				0DD4CBFFB25A61C1C50BE92B /* HapTick iOS App */,
				157635DFDEBB7441F805B901 /* HapTick Watch App */,
				3DEE1B69C521EA3BFABB1C8C /* Shared */,
				88224CAA1CCCFE29421678A0 /* Frameworks */,
				8AF5EB2F861D96ACFD62AE19 /* Products */,
			);
			sourceTree = "<group>";
		};
/* End PBXGroup section */

/* Begin PBXNativeTarget section */
		40D13F327FBF047B163663F5 /* HapTick Watch App */ = {
			isa = PBXNativeTarget;
			buildConfigurationList = F4427461401C77218337499D /* Build configuration list for PBXNativeTarget "HapTick Watch App" */;
			buildPhases = (
				A3E32BFAF017598088DF9AE1 /* Sources */,
				46C2AEA99C9D6BF437F568FD /* Resources */,
				A0D72C66DDF643D8649A9761 /* Frameworks */,
			);
			buildRules = (
			);
			dependencies = (
			);
			name = "HapTick Watch App";
			packageProductDependencies = (
			);
			productName = "HapTick Watch App";
			productReference = 629D7E4E720B055EC0D69F87 /* HapTick Watch App.app */;
			productType = "com.apple.product-type.application";
		};
		77B4915A02C9BA6A92F9926E /* HapTick */ = {
			isa = PBXNativeTarget;
			buildConfigurationList = D508ECD7472606BAB83A9F90 /* Build configuration list for PBXNativeTarget "HapTick" */;
			buildPhases = (
				BAF255AE249EBEB234ACA533 /* Sources */,
				193ECDC432D9D00328BFAB23 /* Resources */,
				69D2D17382F314F4BE2CBC63 /* Frameworks */,
				8653C24FC4EFCFE5F28E8769 /* Embed Watch Content */,
			);
			buildRules = (
			);
			dependencies = (
				17699DF1DB98B7983B168408 /* PBXTargetDependency */,
			);
			name = HapTick;
			packageProductDependencies = (
			);
			productName = HapTick;
			productReference = 7F78318FAC662E893D43DC1F /* HapTick.app */;
			productType = "com.apple.product-type.application";
		};
/* End PBXNativeTarget section */

/* Begin PBXProject section */
		41ACD9E3A731E0EF13B5A063 /* Project object */ = {
			isa = PBXProject;
			attributes = {
				BuildIndependentTargetsInParallel = YES;
				LastUpgradeCheck = 1430;
				TargetAttributes = {
					40D13F327FBF047B163663F5 = {
						ProvisioningStyle = Automatic;
					};
					77B4915A02C9BA6A92F9926E = {
						ProvisioningStyle = Automatic;
					};
				};
			};
			buildConfigurationList = B3DF7E3FBD271F951862AF45 /* Build configuration list for PBXProject "HapTick" */;
			developmentRegion = en;
			hasScannedForEncodings = 0;
			knownRegions = (
				Base,
				en,
				es,
				fr,
				ja,
				"zh-Hans",
				"zh-Hant",
			);
			mainGroup = C201834BCEC4CF2EB91C7D91;
			minimizedProjectReferenceProxies = 1;
			preferredProjectObjectVersion = 77;
			productRefGroup = 8AF5EB2F861D96ACFD62AE19 /* Products */;
			projectDirPath = "";
			projectRoot = "";
			targets = (
				77B4915A02C9BA6A92F9926E /* HapTick */,
				40D13F327FBF047B163663F5 /* HapTick Watch App */,
			);
		};
/* End PBXProject section */

/* Begin PBXResourcesBuildPhase section */
		193ECDC432D9D00328BFAB23 /* Resources */ = {
			isa = PBXResourcesBuildPhase;
			buildActionMask = 2147483647;
			files = (
				8FAE00189492EDF01C7DDA7F /* Assets.xcassets in Resources */,
				79AF314FAEED6A909BA96EFE /* Localizable.strings in Resources */,
				AF67E85F17489379ECDCF2D5 /* PrivacyInfo.xcprivacy in Resources */,
			);
			runOnlyForDeploymentPostprocessing = 0;
		};
		46C2AEA99C9D6BF437F568FD /* Resources */ = {
			isa = PBXResourcesBuildPhase;
			buildActionMask = 2147483647;
			files = (
				A2F17CCEA22DE91BF0915A59 /* Assets.xcassets in Resources */,
				ECFBDD225CA5CE36B0CF83AE /* Localizable.strings in Resources */,
				DE2F4215D63DE7D8A32210C1 /* PrivacyInfo.xcprivacy in Resources */,
			);
			runOnlyForDeploymentPostprocessing = 0;
		};
/* End PBXResourcesBuildPhase section */

/* Begin PBXSourcesBuildPhase section */
		A3E32BFAF017598088DF9AE1 /* Sources */ = {
			isa = PBXSourcesBuildPhase;
			buildActionMask = 2147483647;
			files = (
				FF22538B621AFD774BF833EB /* HapTickApp.swift in Sources */,
				3CE34319F20BB1069A26E6F7 /* HapTickSettings.swift in Sources */,
				92F2A46CE69F76C241FACA4A /* HapticMeasurement.swift in Sources */,
				503D4FA73019CA6AE77845FD /* Localization.swift in Sources */,
				7E0B0F0581631B1461D5BA1A /* TimerController.swift in Sources */,
				D84DADB69EFCA2B72EA192BF /* TimerScreen.swift in Sources */,
				31B6EBF6E0DBC4C0AB4FFD94 /* WatchSettingsSync.swift in Sources */,
			);
			runOnlyForDeploymentPostprocessing = 0;
		};
		BAF255AE249EBEB234ACA533 /* Sources */ = {
			isa = PBXSourcesBuildPhase;
			buildActionMask = 2147483647;
			files = (
				6CB74D5D437D2C124BDF38E1 /* HapTickPhoneApp.swift in Sources */,
				2A62CDCEF9BFFCB68FB2C1D2 /* HapTickSettings.swift in Sources */,
				06AF4030022B75C60B3CE074 /* Localization.swift in Sources */,
				130DB93CDF8CA5A8B72FE8D9 /* PhoneHapticPlayer.swift in Sources */,
				D69D85AF72E962BF99C3E41B /* PhoneSettingsStore.swift in Sources */,
				AF037CF2068B13639E5685BF /* PhoneSettingsView.swift in Sources */,
			);
			runOnlyForDeploymentPostprocessing = 0;
		};
/* End PBXSourcesBuildPhase section */

/* Begin PBXTargetDependency section */
		17699DF1DB98B7983B168408 /* PBXTargetDependency */ = {
			isa = PBXTargetDependency;
			target = 40D13F327FBF047B163663F5 /* HapTick Watch App */;
			targetProxy = B0B63CE541F5609EABD5E16B /* PBXContainerItemProxy */;
		};
/* End PBXTargetDependency section */

/* Begin PBXVariantGroup section */
		CD62217F2EA799AE9E2AADFD /* Localizable.strings */ = {
			isa = PBXVariantGroup;
			children = (
				801B6614766C1C0F454633DF /* en */,
				18D1E8E515BF929556F4BAAB /* es */,
				F00DACF83BBBE59B65286D09 /* fr */,
				325E3D7ABFFF901DF4E62110 /* ja */,
				742D2DFED1731EBF54273A4D /* zh-Hans */,
				D8316EED2294DE8E4F25AC71 /* zh-Hant */,
			);
			name = Localizable.strings;
			sourceTree = "<group>";
		};
/* End PBXVariantGroup section */

/* Begin XCBuildConfiguration section */
		5DFA05A9907B7F473E8F2FCF /* Debug */ = {
			isa = XCBuildConfiguration;
			baseConfigurationReference = B5D18B99CAB59C61CE470F1D /* Signing.xcconfig */;
			buildSettings = {
				ALWAYS_SEARCH_USER_PATHS = NO;
				CLANG_ANALYZER_NONNULL = YES;
				CLANG_ANALYZER_NUMBER_OBJECT_CONVERSION = YES_AGGRESSIVE;
				CLANG_CXX_LANGUAGE_STANDARD = "gnu++14";
				CLANG_CXX_LIBRARY = "libc++";
				CLANG_ENABLE_MODULES = YES;
				CLANG_ENABLE_OBJC_ARC = YES;
				CLANG_ENABLE_OBJC_WEAK = YES;
				CLANG_WARN_BLOCK_CAPTURE_AUTORELEASING = YES;
				CLANG_WARN_BOOL_CONVERSION = YES;
				CLANG_WARN_COMMA = YES;
				CLANG_WARN_CONSTANT_CONVERSION = YES;
				CLANG_WARN_DEPRECATED_OBJC_IMPLEMENTATIONS = YES;
				CLANG_WARN_DIRECT_OBJC_ISA_USAGE = YES_ERROR;
				CLANG_WARN_DOCUMENTATION_COMMENTS = YES;
				CLANG_WARN_EMPTY_BODY = YES;
				CLANG_WARN_ENUM_CONVERSION = YES;
				CLANG_WARN_INFINITE_RECURSION = YES;
				CLANG_WARN_INT_CONVERSION = YES;
				CLANG_WARN_NON_LITERAL_NULL_CONVERSION = YES;
				CLANG_WARN_OBJC_IMPLICIT_RETAIN_SELF = YES;
				CLANG_WARN_OBJC_LITERAL_CONVERSION = YES;
				CLANG_WARN_OBJC_ROOT_CLASS = YES_ERROR;
				CLANG_WARN_QUOTED_INCLUDE_IN_FRAMEWORK_HEADER = YES;
				CLANG_WARN_RANGE_LOOP_ANALYSIS = YES;
				CLANG_WARN_STRICT_PROTOTYPES = YES;
				CLANG_WARN_SUSPICIOUS_MOVE = YES;
				CLANG_WARN_UNGUARDED_AVAILABILITY = YES_AGGRESSIVE;
				CLANG_WARN_UNREACHABLE_CODE = YES;
				CLANG_WARN__DUPLICATE_METHOD_MATCH = YES;
				COPY_PHASE_STRIP = NO;
				CURRENT_PROJECT_VERSION = 28;
				DEBUG_INFORMATION_FORMAT = dwarf;
				ENABLE_STRICT_OBJC_MSGSEND = YES;
				ENABLE_TESTABILITY = YES;
				GCC_C_LANGUAGE_STANDARD = gnu11;
				GCC_DYNAMIC_NO_PIC = NO;
				GCC_NO_COMMON_BLOCKS = YES;
				GCC_OPTIMIZATION_LEVEL = 0;
				GCC_PREPROCESSOR_DEFINITIONS = (
					"$(inherited)",
					"DEBUG=1",
				);
				GCC_WARN_64_TO_32_BIT_CONVERSION = YES;
				GCC_WARN_ABOUT_RETURN_TYPE = YES_ERROR;
				GCC_WARN_UNDECLARED_SELECTOR = YES;
				GCC_WARN_UNINITIALIZED_AUTOS = YES_AGGRESSIVE;
				GCC_WARN_UNUSED_FUNCTION = YES;
				GCC_WARN_UNUSED_VARIABLE = YES;
				IPHONEOS_DEPLOYMENT_TARGET = 17.0;
				MARKETING_VERSION = 1.1;
				MTL_ENABLE_DEBUG_INFO = INCLUDE_SOURCE;
				MTL_FAST_MATH = YES;
				ONLY_ACTIVE_ARCH = YES;
				PRODUCT_NAME = "$(TARGET_NAME)";
				SWIFT_ACTIVE_COMPILATION_CONDITIONS = DEBUG;
				SWIFT_OPTIMIZATION_LEVEL = "-Onone";
				SWIFT_VERSION = 5.9;
				WATCHOS_DEPLOYMENT_TARGET = 10.0;
			};
			name = Debug;
		};
		6479BE72A52D1A1FB1B395B2 /* Release */ = {
			isa = XCBuildConfiguration;
			baseConfigurationReference = B5D18B99CAB59C61CE470F1D /* Signing.xcconfig */;
			buildSettings = {
				ALWAYS_SEARCH_USER_PATHS = NO;
				CLANG_ANALYZER_NONNULL = YES;
				CLANG_ANALYZER_NUMBER_OBJECT_CONVERSION = YES_AGGRESSIVE;
				CLANG_CXX_LANGUAGE_STANDARD = "gnu++14";
				CLANG_CXX_LIBRARY = "libc++";
				CLANG_ENABLE_MODULES = YES;
				CLANG_ENABLE_OBJC_ARC = YES;
				CLANG_ENABLE_OBJC_WEAK = YES;
				CLANG_WARN_BLOCK_CAPTURE_AUTORELEASING = YES;
				CLANG_WARN_BOOL_CONVERSION = YES;
				CLANG_WARN_COMMA = YES;
				CLANG_WARN_CONSTANT_CONVERSION = YES;
				CLANG_WARN_DEPRECATED_OBJC_IMPLEMENTATIONS = YES;
				CLANG_WARN_DIRECT_OBJC_ISA_USAGE = YES_ERROR;
				CLANG_WARN_DOCUMENTATION_COMMENTS = YES;
				CLANG_WARN_EMPTY_BODY = YES;
				CLANG_WARN_ENUM_CONVERSION = YES;
				CLANG_WARN_INFINITE_RECURSION = YES;
				CLANG_WARN_INT_CONVERSION = YES;
				CLANG_WARN_NON_LITERAL_NULL_CONVERSION = YES;
				CLANG_WARN_OBJC_IMPLICIT_RETAIN_SELF = YES;
				CLANG_WARN_OBJC_LITERAL_CONVERSION = YES;
				CLANG_WARN_OBJC_ROOT_CLASS = YES_ERROR;
				CLANG_WARN_QUOTED_INCLUDE_IN_FRAMEWORK_HEADER = YES;
				CLANG_WARN_RANGE_LOOP_ANALYSIS = YES;
				CLANG_WARN_STRICT_PROTOTYPES = YES;
				CLANG_WARN_SUSPICIOUS_MOVE = YES;
				CLANG_WARN_UNGUARDED_AVAILABILITY = YES_AGGRESSIVE;
				CLANG_WARN_UNREACHABLE_CODE = YES;
				CLANG_WARN__DUPLICATE_METHOD_MATCH = YES;
				COPY_PHASE_STRIP = NO;
				CURRENT_PROJECT_VERSION = 28;
				DEBUG_INFORMATION_FORMAT = "dwarf-with-dsym";
				ENABLE_NS_ASSERTIONS = NO;
				ENABLE_STRICT_OBJC_MSGSEND = YES;
				GCC_C_LANGUAGE_STANDARD = gnu11;
				GCC_NO_COMMON_BLOCKS = YES;
				GCC_WARN_64_TO_32_BIT_CONVERSION = YES;
				GCC_WARN_ABOUT_RETURN_TYPE = YES_ERROR;
				GCC_WARN_UNDECLARED_SELECTOR = YES;
				GCC_WARN_UNINITIALIZED_AUTOS = YES_AGGRESSIVE;
				GCC_WARN_UNUSED_FUNCTION = YES;
				GCC_WARN_UNUSED_VARIABLE = YES;
				IPHONEOS_DEPLOYMENT_TARGET = 17.0;
				MARKETING_VERSION = 1.1;
				MTL_ENABLE_DEBUG_INFO = NO;
				MTL_FAST_MATH = YES;
				PRODUCT_NAME = "$(TARGET_NAME)";
				SWIFT_COMPILATION_MODE = wholemodule;
				SWIFT_OPTIMIZATION_LEVEL = "-O";
				SWIFT_VERSION = 5.9;
				WATCHOS_DEPLOYMENT_TARGET = 10.0;
			};
			name = Release;
		};
		89B6ED6B20137EBCDE1052D2 /* Debug */ = {
			isa = XCBuildConfiguration;
			buildSettings = {
				ASSETCATALOG_COMPILER_APPICON_NAME = AppIcon;
				CODE_SIGN_IDENTITY = "iPhone Developer";
				CODE_SIGN_STYLE = Automatic;
				INFOPLIST_FILE = "HapTick iOS App/Info.plist";
				IPHONEOS_DEPLOYMENT_TARGET = 17.0;
				LD_RUNPATH_SEARCH_PATHS = (
					"$(inherited)",
					"@executable_path/Frameworks",
				);
				PRODUCT_BUNDLE_IDENTIFIER = "$(HAPTICK_BUNDLE_ID)";
				SDKROOT = iphoneos;
				TARGETED_DEVICE_FAMILY = 1;
			};
			name = Debug;
		};
		9E45AE4B38D91DA24B213FD5 /* Debug */ = {
			isa = XCBuildConfiguration;
			buildSettings = {
				ASSETCATALOG_COMPILER_APPICON_NAME = AppIcon;
				CODE_SIGN_STYLE = Automatic;
				INFOPLIST_FILE = "HapTick Watch App/Info.plist";
				INFOPLIST_KEY_WKCompanionAppBundleIdentifier = "$(HAPTICK_BUNDLE_ID)";
				PRODUCT_BUNDLE_IDENTIFIER = "$(HAPTICK_BUNDLE_ID).watchapp";
				SDKROOT = watchos;
				SKIP_INSTALL = YES;
				SUPPORTED_PLATFORMS = "watchos watchsimulator";
				TARGETED_DEVICE_FAMILY = 4;
				WATCHOS_DEPLOYMENT_TARGET = 10.0;
			};
			name = Debug;
		};
		CA70F72D9F9CAF18F50C7CAA /* Release */ = {
			isa = XCBuildConfiguration;
			buildSettings = {
				ASSETCATALOG_COMPILER_APPICON_NAME = AppIcon;
				CODE_SIGN_STYLE = Automatic;
				INFOPLIST_FILE = "HapTick Watch App/Info.plist";
				INFOPLIST_KEY_WKCompanionAppBundleIdentifier = "$(HAPTICK_BUNDLE_ID)";
				PRODUCT_BUNDLE_IDENTIFIER = "$(HAPTICK_BUNDLE_ID).watchapp";
				SDKROOT = watchos;
				SKIP_INSTALL = YES;
				SUPPORTED_PLATFORMS = "watchos watchsimulator";
				TARGETED_DEVICE_FAMILY = 4;
				WATCHOS_DEPLOYMENT_TARGET = 10.0;
			};
			name = Release;
		};
		CE9C1FE2E441C224148D3CCC /* Release */ = {
			isa = XCBuildConfiguration;
			buildSettings = {
				ASSETCATALOG_COMPILER_APPICON_NAME = AppIcon;
				CODE_SIGN_IDENTITY = "iPhone Developer";
				CODE_SIGN_STYLE = Automatic;
				INFOPLIST_FILE = "HapTick iOS App/Info.plist";
				IPHONEOS_DEPLOYMENT_TARGET = 17.0;
				LD_RUNPATH_SEARCH_PATHS = (
					"$(inherited)",
					"@executable_path/Frameworks",
				);
				PRODUCT_BUNDLE_IDENTIFIER = "$(HAPTICK_BUNDLE_ID)";
				SDKROOT = iphoneos;
				TARGETED_DEVICE_FAMILY = 1;
			};
			name = Release;
		};
/* End XCBuildConfiguration section */

/* Begin XCConfigurationList section */
		B3DF7E3FBD271F951862AF45 /* Build configuration list for PBXProject "HapTick" */ = {
			isa = XCConfigurationList;
			buildConfigurations = (
				5DFA05A9907B7F473E8F2FCF /* Debug */,
				6479BE72A52D1A1FB1B395B2 /* Release */,
			);
			defaultConfigurationIsVisible = 0;
			defaultConfigurationName = Debug;
		};
		D508ECD7472606BAB83A9F90 /* Build configuration list for PBXNativeTarget "HapTick" */ = {
			isa = XCConfigurationList;
			buildConfigurations = (
				89B6ED6B20137EBCDE1052D2 /* Debug */,
				CE9C1FE2E441C224148D3CCC /* Release */,
			);
			defaultConfigurationIsVisible = 0;
			defaultConfigurationName = Debug;
		};
		F4427461401C77218337499D /* Build configuration list for PBXNativeTarget "HapTick Watch App" */ = {
			isa = XCConfigurationList;
			buildConfigurations = (
				9E45AE4B38D91DA24B213FD5 /* Debug */,
				CA70F72D9F9CAF18F50C7CAA /* Release */,
			);
			defaultConfigurationIsVisible = 0;
			defaultConfigurationName = Debug;
		};
/* End XCConfigurationList section */
	};
	rootObject = 41ACD9E3A731E0EF13B5A063 /* Project object */;
}
